
Microsoft Visual Studio Solution File, Format Version 12.00
# Visual Studio Version 16
VisualStudioVersion = 16.0.31019.35
MinimumVisualStudioVersion = 10.0.40219.1
Project("{8BC9CEB8-8B4A-11D0-8D11-00A0C91BC942}") = "6.MultipleLights.1", "6.MultipleLights.1\6.MultipleLights.1.vcxproj", "{B6175F1F-6015-4372-BC1B-C5B62E984BB1}"
EndProject
Global
	GlobalSection(SolutionConfigurationPlatforms) = preSolution
		Debug|x64 = Debug|x64
		Debug|x86 = Debug|x86
		Release|x64 = Release|x64
		Release|x86 = Release|x86
	EndGlobalSection
	GlobalSection(ProjectConfigurationPlatforms) = postSolution
		{B6175F1F-6015-4372-BC1B-C5B62E984BB1}.Debug|x64.ActiveCfg = Debug|x64
		{B6175F1F-6015-4372-BC1B-C5B62E984BB1}.Debug|x64.Build.0 = Debug|x64
		{B6175F1F-6015-4372-BC1B-C5B62E984BB1}.Debug|x86.ActiveCfg = Debug|Win32
		{B6175F1F-6015-4372-BC1B-C5B62E984BB1}.Debug|x86.Build.0 = Debug|Win32
		{B6175F1F-6015-4372-BC1B-C5B62E984BB1}.Release|x64.ActiveCfg = Release|x64
		{B6175F1F-6015-4372-BC1B-C5B62E984BB1}.Release|x64.Build.0 = Release|x64
		{B6175F1F-6015-4372-BC1B-C5B62E984BB1}.Release|x86.ActiveCfg = Release|Win32
		{B6175F1F-6015-4372-BC1B-C5B62E984BB1}.Release|x86.Build.0 = Release|Win32
	EndGlobalSection
	GlobalSection(SolutionProperties) = preSolution
		HideSolutionNode = FALSE
	EndGlobalSection
	GlobalSection(ExtensibilityGlobals) = postSolution
		SolutionGuid = {4B6E0FEB-545F-45BE-9B3E-2601D885EFBE}
	EndGlobalSection
EndGlobal
